
Microsoft Visual Studio Solution File, Format Version 12.00
# Visual Studio Version 17
VisualStudioVersion = 17.10.35013.160
MinimumVisualStudioVersion = 10.0.40219.1
Project("{9A19103F-16F7-4668-BE54-9A1E7A4F7556}") = "TodoService.API", "TodoService.API\TodoService.API.csproj", "{08FEA0AC-A065-457B-9A99-B06B1BC06D57}"
EndProject
Project("{FAE04EC0-301F-11D3-BF4B-00C04F79EFBC}") = "TodoService.API.AppHost", "TodoService.API.AppHost\TodoService.API.AppHost.csproj", "{619560C5-A5D0-490D-ADC6-F04A4E2046FD}"
EndProject
Project("{9A19103F-16F7-4668-BE54-9A1E7A4F7556}") = "TodoService.API.ServiceDefaults", "TodoService.API.ServiceDefaults\TodoService.API.ServiceDefaults.csproj", "{1A2980FB-3937-4BF4-873F-20A292B81092}"
EndProject
Global
	GlobalSection(SolutionConfigurationPlatforms) = preSolution
		Debug|Any CPU = Debug|Any CPU
		Release|Any CPU = Release|Any CPU
	EndGlobalSection
	GlobalSection(ProjectConfigurationPlatforms) = postSolution
		{08FEA0AC-A065-457B-9A99-B06B1BC06D57}.Debug|Any CPU.ActiveCfg = Debug|Any CPU
		{08FEA0AC-A065-457B-9A99-B06B1BC06D57}.Debug|Any CPU.Build.0 = Debug|Any CPU
		{08FEA0AC-A065-457B-9A99-B06B1BC06D57}.Release|Any CPU.ActiveCfg = Release|Any CPU
		{08FEA0AC-A065-457B-9A99-B06B1BC06D57}.Release|Any CPU.Build.0 = Release|Any CPU
		{619560C5-A5D0-490D-ADC6-F04A4E2046FD}.Debug|Any CPU.ActiveCfg = Debug|Any CPU
		{619560C5-A5D0-490D-ADC6-F04A4E2046FD}.Debug|Any CPU.Build.0 = Debug|Any CPU
		{619560C5-A5D0-490D-ADC6-F04A4E2046FD}.Release|Any CPU.ActiveCfg = Release|Any CPU
		{619560C5-A5D0-490D-ADC6-F04A4E2046FD}.Release|Any CPU.Build.0 = Release|Any CPU
		{1A2980FB-3937-4BF4-873F-20A292B81092}.Debug|Any CPU.ActiveCfg = Debug|Any CPU
		{1A2980FB-3937-4BF4-873F-20A292B81092}.Debug|Any CPU.Build.0 = Debug|Any CPU
		{1A2980FB-3937-4BF4-873F-20A292B81092}.Release|Any CPU.ActiveCfg = Release|Any CPU
		{1A2980FB-3937-4BF4-873F-20A292B81092}.Release|Any CPU.Build.0 = Release|Any CPU
	EndGlobalSection
	GlobalSection(SolutionProperties) = preSolution
		HideSolutionNode = FALSE
	EndGlobalSection
	GlobalSection(ExtensibilityGlobals) = postSolution
		SolutionGuid = {5A41EDFB-C170-45E0-9D5C-5E0A8984E509}
	EndGlobalSection
EndGlobal
